
Microsoft Visual Studio Solution File, Format Version 11.00
# Visual Studio 2010
Project("{FAE04EC0-301F-11D3-BF4B-00C04F79EFBC}") = "Navalny-The-Game", "Assembly-CSharp-firstpass.csproj", "{96E75947-1072-17EC-924F-C6CFE5B264C5}"
EndProject
Project("{FAE04EC0-301F-11D3-BF4B-00C04F79EFBC}") = "Navalny-The-Game", "Assembly-CSharp.csproj", "{7CCE116F-39C3-7D29-756B-85FFC4DD9ABC}"
EndProject
Project("{FAE04EC0-301F-11D3-BF4B-00C04F79EFBC}") = "Navalny-The-Game", "Assembly-CSharp-Editor.csproj", "{B0F2EB83-B9B3-C03E-7B57-5D35CF8BC0CB}"
EndProject
Global
	GlobalSection(SolutionConfigurationPlatforms) = preSolution
		Debug|Any CPU = Debug|Any CPU
		Release|Any CPU = Release|Any CPU
	EndGlobalSection
	GlobalSection(ProjectConfigurationPlatforms) = postSolution
		{96E75947-1072-17EC-924F-C6CFE5B264C5}.Debug|Any CPU.ActiveCfg = Debug|Any CPU
		{96E75947-1072-17EC-924F-C6CFE5B264C5}.Debug|Any CPU.Build.0 = Debug|Any CPU
		{96E75947-1072-17EC-924F-C6CFE5B264C5}.Release|Any CPU.ActiveCfg = Release|Any CPU
		{96E75947-1072-17EC-924F-C6CFE5B264C5}.Release|Any CPU.Build.0 = Release|Any CPU
		{7CCE116F-39C3-7D29-756B-85FFC4DD9ABC}.Debug|Any CPU.ActiveCfg = Debug|Any CPU
		{7CCE116F-39C3-7D29-756B-85FFC4DD9ABC}.Debug|Any CPU.Build.0 = Debug|Any CPU
		{7CCE116F-39C3-7D29-756B-85FFC4DD9ABC}.Release|Any CPU.ActiveCfg = Release|Any CPU
		{7CCE116F-39C3-7D29-756B-85FFC4DD9ABC}.Release|Any CPU.Build.0 = Release|Any CPU
		{B0F2EB83-B9B3-C03E-7B57-5D35CF8BC0CB}.Debug|Any CPU.ActiveCfg = Debug|Any CPU
		{B0F2EB83-B9B3-C03E-7B57-5D35CF8BC0CB}.Debug|Any CPU.Build.0 = Debug|Any CPU
		{B0F2EB83-B9B3-C03E-7B57-5D35CF8BC0CB}.Release|Any CPU.ActiveCfg = Release|Any CPU
		{B0F2EB83-B9B3-C03E-7B57-5D35CF8BC0CB}.Release|Any CPU.Build.0 = Release|Any CPU
	EndGlobalSection
	GlobalSection(SolutionProperties) = preSolution
		HideSolutionNode = FALSE
	EndGlobalSection
	GlobalSection(MonoDevelopProperties) = preSolution
		StartupItem = Assembly-CSharp.csproj
	EndGlobalSection
EndGlobal
